
Microsoft Visual Studio Solution File, Format Version 12.00
# Visual Studio Version 17
VisualStudioVersion = 17.5.33530.505
MinimumVisualStudioVersion = 10.0.40219.1
Project("{2150E333-8FDC-42A3-9474-1A3956D46DE8}") = "src", "src", "{44757EB8-C55C-42E6-BE74-4AB33EAF9CCD}"
EndProject
Project("{2150E333-8FDC-42A3-9474-1A3956D46DE8}") = "tests", "tests", "{F8AF5CE4-A0BB-4337-8B10-7197BC3B1410}"
EndProject
Project("{9A19103F-16F7-4668-BE54-9A1E7A4F7556}") = "WpfApp1", "src\WpfApp1\WpfApp1.csproj", "{08CEB2BB-F1FB-450E-ABDC-EB4A1930302B}"
EndProject
Project("{9A19103F-16F7-4668-BE54-9A1E7A4F7556}") = "WpfApp1Tests", "tests\WpfApp1Tests\WpfApp1Tests.csproj", "{6A6D2121-8F00-4CF1-943D-70413D36BC31}"
EndProject
Project("{C7167F0D-BC9F-4E6E-AFE1-012C56B48DB5}") = "WapProjTemplate1", "src\WapProjTemplate1\WapProjTemplate1.wapproj", "{57DE6E17-4BF2-465C-9018-B26B32DFB10B}"
EndProject
Global
	GlobalSection(SolutionConfigurationPlatforms) = preSolution
		Debug|Any CPU = Debug|Any CPU
		Debug|ARM = Debug|ARM
		Debug|ARM64 = Debug|ARM64
		Debug|x64 = Debug|x64
		Debug|x86 = Debug|x86
		Release|Any CPU = Release|Any CPU
		Release|ARM = Release|ARM
		Release|ARM64 = Release|ARM64
		Release|x64 = Release|x64
		Release|x86 = Release|x86
	EndGlobalSection
	GlobalSection(ProjectConfigurationPlatforms) = postSolution
		{08CEB2BB-F1FB-450E-ABDC-EB4A1930302B}.Debug|Any CPU.ActiveCfg = Debug|Any CPU
		{08CEB2BB-F1FB-450E-ABDC-EB4A1930302B}.Debug|Any CPU.Build.0 = Debug|Any CPU
		{08CEB2BB-F1FB-450E-ABDC-EB4A1930302B}.Debug|ARM.ActiveCfg = Debug|Any CPU
		{08CEB2BB-F1FB-450E-ABDC-EB4A1930302B}.Debug|ARM.Build.0 = Debug|Any CPU
		{08CEB2BB-F1FB-450E-ABDC-EB4A1930302B}.Debug|ARM64.ActiveCfg = Debug|Any CPU
		{08CEB2BB-F1FB-450E-ABDC-EB4A1930302B}.Debug|ARM64.Build.0 = Debug|Any CPU
		{08CEB2BB-F1FB-450E-ABDC-EB4A1930302B}.Debug|x64.ActiveCfg = Debug|Any CPU
		{08CEB2BB-F1FB-450E-ABDC-EB4A1930302B}.Debug|x64.Build.0 = Debug|Any CPU
		{08CEB2BB-F1FB-450E-ABDC-EB4A1930302B}.Debug|x86.ActiveCfg = Debug|Any CPU
		{08CEB2BB-F1FB-450E-ABDC-EB4A1930302B}.Debug|x86.Build.0 = Debug|Any CPU
		{08CEB2BB-F1FB-450E-ABDC-EB4A1930302B}.Release|Any CPU.ActiveCfg = Release|Any CPU
		{08CEB2BB-F1FB-450E-ABDC-EB4A1930302B}.Release|Any CPU.Build.0 = Release|Any CPU
		{08CEB2BB-F1FB-450E-ABDC-EB4A1930302B}.Release|ARM.ActiveCfg = Release|Any CPU
		{08CEB2BB-F1FB-450E-ABDC-EB4A1930302B}.Release|ARM.Build.0 = Release|Any CPU
		{08CEB2BB-F1FB-450E-ABDC-EB4A1930302B}.Release|ARM64.ActiveCfg = Release|Any CPU
		{08CEB2BB-F1FB-450E-ABDC-EB4A1930302B}.Release|ARM64.Build.0 = Release|Any CPU
		{08CEB2BB-F1FB-450E-ABDC-EB4A1930302B}.Release|x64.ActiveCfg = Release|Any CPU
		{08CEB2BB-F1FB-450E-ABDC-EB4A1930302B}.Release|x64.Build.0 = Release|Any CPU
		{08CEB2BB-F1FB-450E-ABDC-EB4A1930302B}.Release|x86.ActiveCfg = Release|Any CPU
		{08CEB2BB-F1FB-450E-ABDC-EB4A1930302B}.Release|x86.Build.0 = Release|Any CPU
		{6A6D2121-8F00-4CF1-943D-70413D36BC31}.Debug|Any CPU.ActiveCfg = Debug|Any CPU
		{6A6D2121-8F00-4CF1-943D-70413D36BC31}.Debug|Any CPU.Build.0 = Debug|Any CPU
		{6A6D2121-8F00-4CF1-943D-70413D36BC31}.Debug|ARM.ActiveCfg = Debug|Any CPU
		{6A6D2121-8F00-4CF1-943D-70413D36BC31}.Debug|ARM.Build.0 = Debug|Any CPU
		{6A6D2121-8F00-4CF1-943D-70413D36BC31}.Debug|ARM64.ActiveCfg = Debug|Any CPU
		{6A6D2121-8F00-4CF1-943D-70413D36BC31}.Debug|ARM64.Build.0 = Debug|Any CPU
		{6A6D2121-8F00-4CF1-943D-70413D36BC31}.Debug|x64.ActiveCfg = Debug|Any CPU
		{6A6D2121-8F00-4CF1-943D-70413D36BC31}.Debug|x64.Build.0 = Debug|Any CPU
		{6A6D2121-8F00-4CF1-943D-70413D36BC31}.Debug|x86.ActiveCfg = Debug|Any CPU
		{6A6D2121-8F00-4CF1-943D-70413D36BC31}.Debug|x86.Build.0 = Debug|Any CPU
		{6A6D2121-8F00-4CF1-943D-70413D36BC31}.Release|Any CPU.ActiveCfg = Release|Any CPU
		{6A6D2121-8F00-4CF1-943D-70413D36BC31}.Release|Any CPU.Build.0 = Release|Any CPU
		{6A6D2121-8F00-4CF1-943D-70413D36BC31}.Release|ARM.ActiveCfg = Release|Any CPU
		{6A6D2121-8F00-4CF1-943D-70413D36BC31}.Release|ARM.Build.0 = Release|Any CPU
		{6A6D2121-8F00-4CF1-943D-70413D36BC31}.Release|ARM64.ActiveCfg = Release|Any CPU
		{6A6D2121-8F00-4CF1-943D-70413D36BC31}.Release|ARM64.Build.0 = Release|Any CPU
		{6A6D2121-8F00-4CF1-943D-70413D36BC31}.Release|x64.ActiveCfg = Release|Any CPU
		{6A6D2121-8F00-4CF1-943D-70413D36BC31}.Release|x64.Build.0 = Release|Any CPU
		{6A6D2121-8F00-4CF1-943D-70413D36BC31}.Release|x86.ActiveCfg = Release|Any CPU
		{6A6D2121-8F00-4CF1-943D-70413D36BC31}.Release|x86.Build.0 = Release|Any CPU
		{57DE6E17-4BF2-465C-9018-B26B32DFB10B}.Debug|Any CPU.ActiveCfg = Debug|Any CPU
		{57DE6E17-4BF2-465C-9018-B26B32DFB10B}.Debug|Any CPU.Build.0 = Debug|Any CPU
		{57DE6E17-4BF2-465C-9018-B26B32DFB10B}.Debug|Any CPU.Deploy.0 = Debug|Any CPU
		{57DE6E17-4BF2-465C-9018-B26B32DFB10B}.Debug|ARM.ActiveCfg = Debug|ARM
		{57DE6E17-4BF2-465C-9018-B26B32DFB10B}.Debug|ARM.Build.0 = Debug|ARM
		{57DE6E17-4BF2-465C-9018-B26B32DFB10B}.Debug|ARM.Deploy.0 = Debug|ARM
		{57DE6E17-4BF2-465C-9018-B26B32DFB10B}.Debug|ARM64.ActiveCfg = Debug|ARM64
		{57DE6E17-4BF2-465C-9018-B26B32DFB10B}.Debug|ARM64.Build.0 = Debug|ARM64
		{57DE6E17-4BF2-465C-9018-B26B32DFB10B}.Debug|ARM64.Deploy.0 = Debug|ARM64
		{57DE6E17-4BF2-465C-9018-B26B32DFB10B}.Debug|x64.ActiveCfg = Debug|x64
		{57DE6E17-4BF2-465C-9018-B26B32DFB10B}.Debug|x64.Build.0 = Debug|x64
		{57DE6E17-4BF2-465C-9018-B26B32DFB10B}.Debug|x64.Deploy.0 = Debug|x64
		{57DE6E17-4BF2-465C-9018-B26B32DFB10B}.Debug|x86.ActiveCfg = Debug|x86
		{57DE6E17-4BF2-465C-9018-B26B32DFB10B}.Debug|x86.Build.0 = Debug|x86
		{57DE6E17-4BF2-465C-9018-B26B32DFB10B}.Debug|x86.Deploy.0 = Debug|x86
		{57DE6E17-4BF2-465C-9018-B26B32DFB10B}.Release|Any CPU.ActiveCfg = Release|Any CPU
		{57DE6E17-4BF2-465C-9018-B26B32DFB10B}.Release|Any CPU.Build.0 = Release|Any CPU
		{57DE6E17-4BF2-465C-9018-B26B32DFB10B}.Release|Any CPU.Deploy.0 = Release|Any CPU
		{57DE6E17-4BF2-465C-9018-B26B32DFB10B}.Release|ARM.ActiveCfg = Release|ARM
		{57DE6E17-4BF2-465C-9018-B26B32DFB10B}.Release|ARM.Build.0 = Release|ARM
		{57DE6E17-4BF2-465C-9018-B26B32DFB10B}.Release|ARM.Deploy.0 = Release|ARM
		{57DE6E17-4BF2-465C-9018-B26B32DFB10B}.Release|ARM64.ActiveCfg = Release|ARM64
		{57DE6E17-4BF2-465C-9018-B26B32DFB10B}.Release|ARM64.Build.0 = Release|ARM64
		{57DE6E17-4BF2-465C-9018-B26B32DFB10B}.Release|ARM64.Deploy.0 = Release|ARM64
		{57DE6E17-4BF2-465C-9018-B26B32DFB10B}.Release|x64.ActiveCfg = Release|x64
		{57DE6E17-4BF2-465C-9018-B26B32DFB10B}.Release|x64.Build.0 = Release|x64
		{57DE6E17-4BF2-465C-9018-B26B32DFB10B}.Release|x64.Deploy.0 = Release|x64
		{57DE6E17-4BF2-465C-9018-B26B32DFB10B}.Release|x86.ActiveCfg = Release|x86
		{57DE6E17-4BF2-465C-9018-B26B32DFB10B}.Release|x86.Build.0 = Release|x86
		{57DE6E17-4BF2-465C-9018-B26B32DFB10B}.Release|x86.Deploy.0 = Release|x86
	EndGlobalSection
	GlobalSection(SolutionProperties) = preSolution
		HideSolutionNode = FALSE
	EndGlobalSection
	GlobalSection(NestedProjects) = preSolution
		{08CEB2BB-F1FB-450E-ABDC-EB4A1930302B} = {44757EB8-C55C-42E6-BE74-4AB33EAF9CCD}
		{6A6D2121-8F00-4CF1-943D-70413D36BC31} = {F8AF5CE4-A0BB-4337-8B10-7197BC3B1410}
		{57DE6E17-4BF2-465C-9018-B26B32DFB10B} = {44757EB8-C55C-42E6-BE74-4AB33EAF9CCD}
	EndGlobalSection
	GlobalSection(ExtensibilityGlobals) = postSolution
		SolutionGuid = {B6B0D1B3-0FA8-4CEB-BF9E-94B0DB8B6754}
	EndGlobalSection
EndGlobal
